
Microsoft Visual Studio Solution File, Format Version 12.00
# Visual Studio 14
VisualStudioVersion = 14.0.25123.0
MinimumVisualStudioVersion = 10.0.40219.1
Project("{2150E333-8FDC-42A3-9474-1A3956D46DE8}") = "Solution Items", "Solution Items", "{49D441DF-39FD-4F4D-AECA-86CF8EFE23AF}"
	ProjectSection(SolutionItems) = preProject
		.editorconfig = .editorconfig
		.gitattributes = .gitattributes
		.gitignore = .gitignore
		.travis.yml = .travis.yml
		appveyor.yml = appveyor.yml
		build.cake = build.cake
		BUILDING.md = BUILDING.md
		CHANGES.txt = CHANGES.txt
		CONTRIBUTING.md = CONTRIBUTING.md
		global.json = global.json
		LICENSE.txt = LICENSE.txt
		NOTICES.txt = NOTICES.txt
		nunit.ico = nunit.ico
		README.md = README.md
	EndProjectSection
EndProject
Project("{2150E333-8FDC-42A3-9474-1A3956D46DE8}") = "nuget", "nuget", "{A972031D-2F61-4183-AF75-99EE1A9F6B32}"
EndProject
Project("{2150E333-8FDC-42A3-9474-1A3956D46DE8}") = "NUnitEngine", "NUnitEngine", "{31B45C4C-206F-4F31-9CC6-33BF11DFEE39}"
EndProject
Project("{2150E333-8FDC-42A3-9474-1A3956D46DE8}") = "Portable", "Portable", "{32405F86-07E7-41A7-94EB-2AD6B290ED07}"
EndProject
Project("{FAE04EC0-301F-11D3-BF4B-00C04F79EFBC}") = "nunit.portable.agent", "src\NUnitEngine\Portable\nunit.portable.agent\nunit.portable.agent.csproj", "{0F18F7A5-87CA-41E0-ACB2-A13C68D6CC5B}"
EndProject
Project("{FAE04EC0-301F-11D3-BF4B-00C04F79EFBC}") = "nunit.portable.agent.tests", "src\NUnitEngine\Portable\nunit.portable.agent.tests\nunit.portable.agent.tests.csproj", "{8CDC481D-DB17-4145-9963-9E895C29CBC5}"
EndProject
Project("{2150E333-8FDC-42A3-9474-1A3956D46DE8}") = "engine", "engine", "{43A219A8-2995-4884-806F-FDB9CD25D403}"
	ProjectSection(SolutionItems) = preProject
		nuget\engine\nunit.portable.agent.nuspec = nuget\engine\nunit.portable.agent.nuspec
	EndProjectSection
EndProject
Project("{FAE04EC0-301F-11D3-BF4B-00C04F79EFBC}") = "mock-assembly-4.5", "src\NUnitFramework\mock-assembly\mock-assembly-4.5.csproj", "{C3264FF3-E2D7-48D7-93A7-CDC9A827AD9D}"
EndProject
Global
	GlobalSection(SolutionConfigurationPlatforms) = preSolution
		Debug|Any CPU = Debug|Any CPU
		Release|Any CPU = Release|Any CPU
	EndGlobalSection
	GlobalSection(ProjectConfigurationPlatforms) = postSolution
		{0F18F7A5-87CA-41E0-ACB2-A13C68D6CC5B}.Debug|Any CPU.ActiveCfg = Debug|Any CPU
		{0F18F7A5-87CA-41E0-ACB2-A13C68D6CC5B}.Debug|Any CPU.Build.0 = Debug|Any CPU
		{0F18F7A5-87CA-41E0-ACB2-A13C68D6CC5B}.Release|Any CPU.ActiveCfg = Release|Any CPU
		{0F18F7A5-87CA-41E0-ACB2-A13C68D6CC5B}.Release|Any CPU.Build.0 = Release|Any CPU
		{8CDC481D-DB17-4145-9963-9E895C29CBC5}.Debug|Any CPU.ActiveCfg = Debug|Any CPU
		{8CDC481D-DB17-4145-9963-9E895C29CBC5}.Debug|Any CPU.Build.0 = Debug|Any CPU
		{8CDC481D-DB17-4145-9963-9E895C29CBC5}.Release|Any CPU.ActiveCfg = Release|Any CPU
		{8CDC481D-DB17-4145-9963-9E895C29CBC5}.Release|Any CPU.Build.0 = Release|Any CPU
		{C3264FF3-E2D7-48D7-93A7-CDC9A827AD9D}.Debug|Any CPU.ActiveCfg = Debug|Any CPU
		{C3264FF3-E2D7-48D7-93A7-CDC9A827AD9D}.Debug|Any CPU.Build.0 = Debug|Any CPU
		{C3264FF3-E2D7-48D7-93A7-CDC9A827AD9D}.Release|Any CPU.ActiveCfg = Release|Any CPU
		{C3264FF3-E2D7-48D7-93A7-CDC9A827AD9D}.Release|Any CPU.Build.0 = Release|Any CPU
	EndGlobalSection
	GlobalSection(SolutionProperties) = preSolution
		HideSolutionNode = FALSE
	EndGlobalSection
	GlobalSection(NestedProjects) = preSolution
		{A972031D-2F61-4183-AF75-99EE1A9F6B32} = {49D441DF-39FD-4F4D-AECA-86CF8EFE23AF}
		{32405F86-07E7-41A7-94EB-2AD6B290ED07} = {31B45C4C-206F-4F31-9CC6-33BF11DFEE39}
		{0F18F7A5-87CA-41E0-ACB2-A13C68D6CC5B} = {32405F86-07E7-41A7-94EB-2AD6B290ED07}
		{8CDC481D-DB17-4145-9963-9E895C29CBC5} = {32405F86-07E7-41A7-94EB-2AD6B290ED07}
		{43A219A8-2995-4884-806F-FDB9CD25D403} = {A972031D-2F61-4183-AF75-99EE1A9F6B32}
		{C3264FF3-E2D7-48D7-93A7-CDC9A827AD9D} = {32405F86-07E7-41A7-94EB-2AD6B290ED07}
	EndGlobalSection
	GlobalSection(MonoDevelopProperties) = preSolution
		StartupItem = src\NUnitFramework\tests\nunitlite.tests-2.0.csproj
		{28B605B2-E2E9-417E-8369-49E263F1F31B} = {31B45C4C-206F-4F31-9CC6-33BF11DFEE39}
		{FFF45826-991F-465B-8A03-0E1DB7E8F38C} = {31B45C4C-206F-4F31-9CC6-33BF11DFEE39}
		{11640C9F-03A3-456B-848D-9B4A126F9506} = {31B45C4C-206F-4F31-9CC6-33BF11DFEE39}
	EndGlobalSection
EndGlobal
