
Microsoft Visual Studio Solution File, Format Version 12.00
# Visual Studio 14
VisualStudioVersion = 14.0.25123.0
MinimumVisualStudioVersion = 10.0.40219.1
Project("{2150E333-8FDC-42A3-9474-1A3956D46DE8}") = "Solution Items", "Solution Items", "{49D441DF-39FD-4F4D-AECA-86CF8EFE23AF}"
	ProjectSection(SolutionItems) = preProject
		.editorconfig = .editorconfig
		.gitattributes = .gitattributes
		.gitignore = .gitignore
		appveyor.yml = appveyor.yml
		CHANGES.txt = CHANGES.txt
		CONTRIBUTING.md = CONTRIBUTING.md
		global.json = global.json
		LICENSE.txt = LICENSE.txt
		NOTICES.txt = NOTICES.txt
		nunit.ico = nunit.ico
		README.md = README.md
	EndProjectSection
EndProject
Project("{2150E333-8FDC-42A3-9474-1A3956D46DE8}") = "src", "src", "{5D2AF6F5-BC1A-45E5-820B-BD01B3178056}"
EndProject
Project("{2150E333-8FDC-42A3-9474-1A3956D46DE8}") = "test", "test", "{CC0C8BE9-2524-4153-98DD-519F323B8B1A}"
EndProject
Project("{8BB2217D-0F2D-49D1-97BC-3654ED321F3B}") = "NUnit.Portable.Agent", "src\NUnit.Portable.Agent\NUnit.Portable.Agent.xproj", "{D1567C63-4A0D-4E18-A14E-79699B9BFFFF}"
EndProject
Project("{8BB2217D-0F2D-49D1-97BC-3654ED321F3B}") = "mock-assembly", "test\mock-assembly\mock-assembly.xproj", "{8C53C716-3E54-4DFE-8CD9-F4099042FCFA}"
EndProject
Project("{8BB2217D-0F2D-49D1-97BC-3654ED321F3B}") = "NUnit.Portable.Agent.Tests", "test\NUnit.Portable.Agent.Tests\NUnit.Portable.Agent.Tests.xproj", "{8CDC481D-DB17-4145-9963-9E895C29CBC5}"
EndProject
Global
	GlobalSection(SolutionConfigurationPlatforms) = preSolution
		Debug|Any CPU = Debug|Any CPU
		Release|Any CPU = Release|Any CPU
	EndGlobalSection
	GlobalSection(ProjectConfigurationPlatforms) = postSolution
		{D1567C63-4A0D-4E18-A14E-79699B9BFFFF}.Debug|Any CPU.ActiveCfg = Debug|Any CPU
		{D1567C63-4A0D-4E18-A14E-79699B9BFFFF}.Debug|Any CPU.Build.0 = Debug|Any CPU
		{D1567C63-4A0D-4E18-A14E-79699B9BFFFF}.Release|Any CPU.ActiveCfg = Release|Any CPU
		{D1567C63-4A0D-4E18-A14E-79699B9BFFFF}.Release|Any CPU.Build.0 = Release|Any CPU
		{8C53C716-3E54-4DFE-8CD9-F4099042FCFA}.Debug|Any CPU.ActiveCfg = Debug|Any CPU
		{8C53C716-3E54-4DFE-8CD9-F4099042FCFA}.Debug|Any CPU.Build.0 = Debug|Any CPU
		{8C53C716-3E54-4DFE-8CD9-F4099042FCFA}.Release|Any CPU.ActiveCfg = Release|Any CPU
		{8C53C716-3E54-4DFE-8CD9-F4099042FCFA}.Release|Any CPU.Build.0 = Release|Any CPU
		{8CDC481D-DB17-4145-9963-9E895C29CBC5}.Debug|Any CPU.ActiveCfg = Debug|Any CPU
		{8CDC481D-DB17-4145-9963-9E895C29CBC5}.Debug|Any CPU.Build.0 = Debug|Any CPU
		{8CDC481D-DB17-4145-9963-9E895C29CBC5}.Release|Any CPU.ActiveCfg = Release|Any CPU
		{8CDC481D-DB17-4145-9963-9E895C29CBC5}.Release|Any CPU.Build.0 = Release|Any CPU
	EndGlobalSection
	GlobalSection(SolutionProperties) = preSolution
		HideSolutionNode = FALSE
	EndGlobalSection
	GlobalSection(NestedProjects) = preSolution
		{D1567C63-4A0D-4E18-A14E-79699B9BFFFF} = {5D2AF6F5-BC1A-45E5-820B-BD01B3178056}
		{8C53C716-3E54-4DFE-8CD9-F4099042FCFA} = {CC0C8BE9-2524-4153-98DD-519F323B8B1A}
		{8CDC481D-DB17-4145-9963-9E895C29CBC5} = {CC0C8BE9-2524-4153-98DD-519F323B8B1A}
	EndGlobalSection
	GlobalSection(MonoDevelopProperties) = preSolution
		StartupItem = src\NUnitFramework\tests\nunitlite.tests-2.0.csproj
		{28B605B2-E2E9-417E-8369-49E263F1F31B} = {31B45C4C-206F-4F31-9CC6-33BF11DFEE39}
		{FFF45826-991F-465B-8A03-0E1DB7E8F38C} = {31B45C4C-206F-4F31-9CC6-33BF11DFEE39}
		{11640C9F-03A3-456B-848D-9B4A126F9506} = {31B45C4C-206F-4F31-9CC6-33BF11DFEE39}
	EndGlobalSection
EndGlobal
